
Microsoft Visual Studio Solution File, Format Version 12.00
# Visual Studio 14
VisualStudioVersion = 14.0.23107.0
MinimumVisualStudioVersion = 10.0.40219.1
Project("{FAE04EC0-301F-11D3-BF4B-00C04F79EFBC}") = "YelpSharpPortable", "YelpSharpPortable\YelpSharpPortable.csproj", "{5A545245-2E25-4951-B52E-38DF1B4F1193}"
EndProject
Project("{FAE04EC0-301F-11D3-BF4B-00C04F79EFBC}") = "YelpSharpPortableTests", "YelpSharpPortableTests\YelpSharpPortableTests.csproj", "{B2584CD6-7D9D-4DDD-8DCE-6E87121F6CFF}"
EndProject
Global
	GlobalSection(SolutionConfigurationPlatforms) = preSolution
		Debug|Any CPU = Debug|Any CPU
		Release|Any CPU = Release|Any CPU
	EndGlobalSection
	GlobalSection(ProjectConfigurationPlatforms) = postSolution
		{5A545245-2E25-4951-B52E-38DF1B4F1193}.Debug|Any CPU.ActiveCfg = Debug|Any CPU
		{5A545245-2E25-4951-B52E-38DF1B4F1193}.Debug|Any CPU.Build.0 = Debug|Any CPU
		{5A545245-2E25-4951-B52E-38DF1B4F1193}.Release|Any CPU.ActiveCfg = Release|Any CPU
		{5A545245-2E25-4951-B52E-38DF1B4F1193}.Release|Any CPU.Build.0 = Release|Any CPU
		{B2584CD6-7D9D-4DDD-8DCE-6E87121F6CFF}.Debug|Any CPU.ActiveCfg = Debug|Any CPU
		{B2584CD6-7D9D-4DDD-8DCE-6E87121F6CFF}.Debug|Any CPU.Build.0 = Debug|Any CPU
		{B2584CD6-7D9D-4DDD-8DCE-6E87121F6CFF}.Release|Any CPU.ActiveCfg = Release|Any CPU
		{B2584CD6-7D9D-4DDD-8DCE-6E87121F6CFF}.Release|Any CPU.Build.0 = Release|Any CPU
	EndGlobalSection
	GlobalSection(SolutionProperties) = preSolution
		HideSolutionNode = FALSE
	EndGlobalSection
EndGlobal
